// !$*UTF8*$!
{
	archiveVersion = 1;
	classes = {
	};
	objectVersion = 56;
	objects = {

/* Begin PBXBuildFile section */
		42E9C6C229B9D63900C06634 /* AppDelegate.swift in Sources */ = {isa = PBXBuildFile; fileRef = 42E9C6C129B9D63900C06634 /* AppDelegate.swift */; };
		42E9C6C429B9D63900C06634 /* SceneDelegate.swift in Sources */ = {isa = PBXBuildFile; fileRef = 42E9C6C329B9D63900C06634 /* SceneDelegate.swift */; };
		42E9C6C929B9D63900C06634 /* Main.storyboard in Resources */ = {isa = PBXBuildFile; fileRef = 42E9C6C729B9D63900C06634 /* Main.storyboard */; };
		42E9C6CB29B9D63900C06634 /* Assets.xcassets in Resources */ = {isa = PBXBuildFile; fileRef = 42E9C6CA29B9D63900C06634 /* Assets.xcassets */; };
		42E9C6CE29B9D63900C06634 /* LaunchScreen.storyboard in Resources */ = {isa = PBXBuildFile; fileRef = 42E9C6CC29B9D63900C06634 /* LaunchScreen.storyboard */; };
		42E9C6D629B9DA0300C06634 /* NewsVC.swift in Sources */ = {isa = PBXBuildFile; fileRef = 42E9C6D529B9DA0300C06634 /* NewsVC.swift */; };
		42E9C6D829B9DA1100C06634 /* DetailsVC.swift in Sources */ = {isa = PBXBuildFile; fileRef = 42E9C6D729B9DA1100C06634 /* DetailsVC.swift */; };
		42E9C6DA29B9DB7900C06634 /* NewsModel.swift in Sources */ = {isa = PBXBuildFile; fileRef = 42E9C6D929B9DB7900C06634 /* NewsModel.swift */; };
		42E9C6DC29B9DDEF00C06634 /* NewsCell.swift in Sources */ = {isa = PBXBuildFile; fileRef = 42E9C6DB29B9DDEF00C06634 /* NewsCell.swift */; };
		42E9C6DE29B9DFFC00C06634 /* NewsAPI.swift in Sources */ = {isa = PBXBuildFile; fileRef = 42E9C6DD29B9DFFC00C06634 /* NewsAPI.swift */; };
		42E9C6E029B9E1AB00C06634 /* NewsViewModel.swift in Sources */ = {isa = PBXBuildFile; fileRef = 42E9C6DF29B9E1AB00C06634 /* NewsViewModel.swift */; };
		A439E6F4E8D8D2FA4DC77FF4 /* Pods_NewsApp.framework in Frameworks */ = {isa = PBXBuildFile; fileRef = 1C1AC3CB89EBF31E88C23B82 /* Pods_NewsApp.framework */; };
/* End PBXBuildFile section */

/* Begin PBXFileReference section */
		1C1AC3CB89EBF31E88C23B82 /* Pods_NewsApp.framework */ = {isa = PBXFileReference; explicitFileType = wrapper.framework; includeInIndex = 0; path = Pods_NewsApp.framework; sourceTree = BUILT_PRODUCTS_DIR; };
		42E9C6BE29B9D63900C06634 /* NewsApp.app */ = {isa = PBXFileReference; explicitFileType = wrapper.application; includeInIndex = 0; path = NewsApp.app; sourceTree = BUILT_PRODUCTS_DIR; };
		42E9C6C129B9D63900C06634 /* AppDelegate.swift */ = {isa = PBXFileReference; lastKnownFileType = sourcecode.swift; path = AppDelegate.swift; sourceTree = "<group>"; };
		42E9C6C329B9D63900C06634 /* SceneDelegate.swift */ = {isa = PBXFileReference; lastKnownFileType = sourcecode.swift; path = SceneDelegate.swift; sourceTree = "<group>"; };
		42E9C6C829B9D63900C06634 /* Base */ = {isa = PBXFileReference; lastKnownFileType = file.storyboard; name = Base; path = Base.lproj/Main.storyboard; sourceTree = "<group>"; };
		42E9C6CA29B9D63900C06634 /* Assets.xcassets */ = {isa = PBXFileReference; lastKnownFileType = folder.assetcatalog; path = Assets.xcassets; sourceTree = "<group>"; };
		42E9C6CD29B9D63900C06634 /* Base */ = {isa = PBXFileReference; lastKnownFileType = file.storyboard; name = Base; path = Base.lproj/LaunchScreen.storyboard; sourceTree = "<group>"; };
		42E9C6CF29B9D63900C06634 /* Info.plist */ = {isa = PBXFileReference; lastKnownFileType = text.plist.xml; path = Info.plist; sourceTree = "<group>"; };
		42E9C6D529B9DA0300C06634 /* NewsVC.swift */ = {isa = PBXFileReference; lastKnownFileType = sourcecode.swift; path = NewsVC.swift; sourceTree = "<group>"; };
		42E9C6D729B9DA1100C06634 /* DetailsVC.swift */ = {isa = PBXFileReference; lastKnownFileType = sourcecode.swift; path = DetailsVC.swift; sourceTree = "<group>"; };
		42E9C6D929B9DB7900C06634 /* NewsModel.swift */ = {isa = PBXFileReference; lastKnownFileType = sourcecode.swift; path = NewsModel.swift; sourceTree = "<group>"; };
		42E9C6DB29B9DDEF00C06634 /* NewsCell.swift */ = {isa = PBXFileReference; lastKnownFileType = sourcecode.swift; path = NewsCell.swift; sourceTree = "<group>"; };
		42E9C6DD29B9DFFC00C06634 /* NewsAPI.swift */ = {isa = PBXFileReference; lastKnownFileType = sourcecode.swift; path = NewsAPI.swift; sourceTree = "<group>"; };
		42E9C6DF29B9E1AB00C06634 /* NewsViewModel.swift */ = {isa = PBXFileReference; lastKnownFileType = sourcecode.swift; path = NewsViewModel.swift; sourceTree = "<group>"; };
		6496BA35681A7C2CF7311090 /* Pods-NewsApp.debug.xcconfig */ = {isa = PBXFileReference; includeInIndex = 1; lastKnownFileType = text.xcconfig; name = "Pods-NewsApp.debug.xcconfig"; path = "Target Support Files/Pods-NewsApp/Pods-NewsApp.debug.xcconfig"; sourceTree = "<group>"; };
		CAC65026CC9E508B97C0107A /* Pods-NewsApp.release.xcconfig */ = {isa = PBXFileReference; includeInIndex = 1; lastKnownFileType = text.xcconfig; name = "Pods-NewsApp.release.xcconfig"; path = "Target Support Files/Pods-NewsApp/Pods-NewsApp.release.xcconfig"; sourceTree = "<group>"; };
/* End PBXFileReference section */

/* Begin PBXFrameworksBuildPhase section */
		42E9C6BB29B9D63900C06634 /* Frameworks */ = {
			isa = PBXFrameworksBuildPhase;
			buildActionMask = 2147483647;
			files = (
				A439E6F4E8D8D2FA4DC77FF4 /* Pods_NewsApp.framework in Frameworks */,
			);
			runOnlyForDeploymentPostprocessing = 0;
		};
/* End PBXFrameworksBuildPhase section */

/* Begin PBXGroup section */
		42E9C6B529B9D63900C06634 = {
			isa = PBXGroup;
			children = (
				42E9C6C029B9D63900C06634 /* NewsApp */,
				42E9C6BF29B9D63900C06634 /* Products */,
				CF82CCA4B76E2F189A571274 /* Pods */,
				87A737172A75C59FA647343E /* Frameworks */,
			);
			sourceTree = "<group>";
		};
		42E9C6BF29B9D63900C06634 /* Products */ = {
			isa = PBXGroup;
			children = (
				42E9C6BE29B9D63900C06634 /* NewsApp.app */,
			);
			name = Products;
			sourceTree = "<group>";
		};
		42E9C6C029B9D63900C06634 /* NewsApp */ = {
			isa = PBXGroup;
			children = (
				42E9C6E729BA410400C06634 /* Data */,
				42E9C6E429BA1E0500C06634 /* Model */,
				42E9C6E229BA1DD100C06634 /* ViewModel */,
				42E9C6E129BA1DB100C06634 /* View */,
				42E9C6C129B9D63900C06634 /* AppDelegate.swift */,
				42E9C6C329B9D63900C06634 /* SceneDelegate.swift */,
				42E9C6C729B9D63900C06634 /* Main.storyboard */,
				42E9C6CA29B9D63900C06634 /* Assets.xcassets */,
				42E9C6CC29B9D63900C06634 /* LaunchScreen.storyboard */,
				42E9C6CF29B9D63900C06634 /* Info.plist */,
			);
			path = NewsApp;
			sourceTree = "<group>";
		};
		42E9C6E129BA1DB100C06634 /* View */ = {
			isa = PBXGroup;
			children = (
				42E9C6E629BA1E1600C06634 /* Screens */,
				42E9C6E529BA1E0E00C06634 /* Widgets */,
			);
			path = View;
			sourceTree = "<group>";
		};
		42E9C6E229BA1DD100C06634 /* ViewModel */ = {
			isa = PBXGroup;
			children = (
				42E9C6DF29B9E1AB00C06634 /* NewsViewModel.swift */,
			);
			path = ViewModel;
			sourceTree = "<group>";
		};
		42E9C6E429BA1E0500C06634 /* Model */ = {
			isa = PBXGroup;
			children = (
				42E9C6D929B9DB7900C06634 /* NewsModel.swift */,
			);
			path = Model;
			sourceTree = "<group>";
		};
		42E9C6E529BA1E0E00C06634 /* Widgets */ = {
			isa = PBXGroup;
			children = (
				42E9C6DB29B9DDEF00C06634 /* NewsCell.swift */,
			);
			path = Widgets;
			sourceTree = "<group>";
		};
		42E9C6E629BA1E1600C06634 /* Screens */ = {
			isa = PBXGroup;
			children = (
				42E9C6D529B9DA0300C06634 /* NewsVC.swift */,
				42E9C6D729B9DA1100C06634 /* DetailsVC.swift */,
			);
			path = Screens;
			sourceTree = "<group>";
		};
		42E9C6E729BA410400C06634 /* Data */ = {
			isa = PBXGroup;
			children = (
				42E9C6DD29B9DFFC00C06634 /* NewsAPI.swift */,
			);
			path = Data;
			sourceTree = "<group>";
		};
		87A737172A75C59FA647343E /* Frameworks */ = {
			isa = PBXGroup;
			children = (
				1C1AC3CB89EBF31E88C23B82 /* Pods_NewsApp.framework */,
			);
			name = Frameworks;
			sourceTree = "<group>";
		};
		CF82CCA4B76E2F189A571274 /* Pods */ = {
			isa = PBXGroup;
			children = (
				6496BA35681A7C2CF7311090 /* Pods-NewsApp.debug.xcconfig */,
				CAC65026CC9E508B97C0107A /* Pods-NewsApp.release.xcconfig */,
			);
			path = Pods;
			sourceTree = "<group>";
		};
/* End PBXGroup section */

/* Begin PBXNativeTarget section */
		42E9C6BD29B9D63900C06634 /* NewsApp */ = {
			isa = PBXNativeTarget;
			buildConfigurationList = 42E9C6D229B9D63900C06634 /* Build configuration list for PBXNativeTarget "NewsApp" */;
			buildPhases = (
				4B028DFF01FA0DA5C4B940BF /* [CP] Check Pods Manifest.lock */,
				42E9C6BA29B9D63900C06634 /* Sources */,
				42E9C6BB29B9D63900C06634 /* Frameworks */,
				42E9C6BC29B9D63900C06634 /* Resources */,
				735E1F4A5635C975BEA51224 /* [CP] Embed Pods Frameworks */,
			);
			buildRules = (
			);
			dependencies = (
			);
			name = NewsApp;
			productName = NewsApp;
			productReference = 42E9C6BE29B9D63900C06634 /* NewsApp.app */;
			productType = "com.apple.product-type.application";
		};
/* End PBXNativeTarget section */

/* Begin PBXProject section */
		42E9C6B629B9D63900C06634 /* Project object */ = {
			isa = PBXProject;
			attributes = {
				BuildIndependentTargetsInParallel = 1;
				LastSwiftUpdateCheck = 1420;
				LastUpgradeCheck = 1420;
				TargetAttributes = {
					42E9C6BD29B9D63900C06634 = {
						CreatedOnToolsVersion = 14.2;
					};
				};
			};
			buildConfigurationList = 42E9C6B929B9D63900C06634 /* Build configuration list for PBXProject "NewsApp" */;
			compatibilityVersion = "Xcode 14.0";
			developmentRegion = en;
			hasScannedForEncodings = 0;
			knownRegions = (
				en,
				Base,
			);
			mainGroup = 42E9C6B529B9D63900C06634;
			productRefGroup = 42E9C6BF29B9D63900C06634 /* Products */;
			projectDirPath = "";
			projectRoot = "";
			targets = (
				42E9C6BD29B9D63900C06634 /* NewsApp */,
			);
		};
/* End PBXProject section */

/* Begin PBXResourcesBuildPhase section */
		42E9C6BC29B9D63900C06634 /* Resources */ = {
			isa = PBXResourcesBuildPhase;
			buildActionMask = 2147483647;
			files = (
				42E9C6CE29B9D63900C06634 /* LaunchScreen.storyboard in Resources */,
				42E9C6CB29B9D63900C06634 /* Assets.xcassets in Resources */,
				42E9C6C929B9D63900C06634 /* Main.storyboard in Resources */,
			);
			runOnlyForDeploymentPostprocessing = 0;
		};
/* End PBXResourcesBuildPhase section */

/* Begin PBXShellScriptBuildPhase section */
		4B028DFF01FA0DA5C4B940BF /* [CP] Check Pods Manifest.lock */ = {
			isa = PBXShellScriptBuildPhase;
			buildActionMask = 2147483647;
			files = (
			);
			inputFileListPaths = (
			);
			inputPaths = (
				"${PODS_PODFILE_DIR_PATH}/Podfile.lock",
				"${PODS_ROOT}/Manifest.lock",
			);
			name = "[CP] Check Pods Manifest.lock";
			outputFileListPaths = (
			);
			outputPaths = (
				"$(DERIVED_FILE_DIR)/Pods-NewsApp-checkManifestLockResult.txt",
			);
			runOnlyForDeploymentPostprocessing = 0;
			shellPath = /bin/sh;
			shellScript = "diff \"${PODS_PODFILE_DIR_PATH}/Podfile.lock\" \"${PODS_ROOT}/Manifest.lock\" > /dev/null\nif [ $? != 0 ] ; then\n    # print error to STDERR\n    echo \"error: The sandbox is not in sync with the Podfile.lock. Run 'pod install' or update your CocoaPods installation.\" >&2\n    exit 1\nfi\n# This output is used by Xcode 'outputs' to avoid re-running this script phase.\necho \"SUCCESS\" > \"${SCRIPT_OUTPUT_FILE_0}\"\n";
			showEnvVarsInLog = 0;
		};
		735E1F4A5635C975BEA51224 /* [CP] Embed Pods Frameworks */ = {
			isa = PBXShellScriptBuildPhase;
			buildActionMask = 2147483647;
			files = (
			);
			inputFileListPaths = (
				"${PODS_ROOT}/Target Support Files/Pods-NewsApp/Pods-NewsApp-frameworks-${CONFIGURATION}-input-files.xcfilelist",
			);
			name = "[CP] Embed Pods Frameworks";
			outputFileListPaths = (
				"${PODS_ROOT}/Target Support Files/Pods-NewsApp/Pods-NewsApp-frameworks-${CONFIGURATION}-output-files.xcfilelist",
			);
			runOnlyForDeploymentPostprocessing = 0;
			shellPath = /bin/sh;
			shellScript = "\"${PODS_ROOT}/Target Support Files/Pods-NewsApp/Pods-NewsApp-frameworks.sh\"\n";
			showEnvVarsInLog = 0;
		};
/* End PBXShellScriptBuildPhase section */

/* Begin PBXSourcesBuildPhase section */
		42E9C6BA29B9D63900C06634 /* Sources */ = {
			isa = PBXSourcesBuildPhase;
			buildActionMask = 2147483647;
			files = (
				42E9C6DA29B9DB7900C06634 /* NewsModel.swift in Sources */,
				42E9C6D629B9DA0300C06634 /* NewsVC.swift in Sources */,
				42E9C6C229B9D63900C06634 /* AppDelegate.swift in Sources */,
				42E9C6C429B9D63900C06634 /* SceneDelegate.swift in Sources */,
				42E9C6DC29B9DDEF00C06634 /* NewsCell.swift in Sources */,
				42E9C6DE29B9DFFC00C06634 /* NewsAPI.swift in Sources */,
				42E9C6D829B9DA1100C06634 /* DetailsVC.swift in Sources */,
				42E9C6E029B9E1AB00C06634 /* NewsViewModel.swift in Sources */,
			);
			runOnlyForDeploymentPostprocessing = 0;
		};
/* End PBXSourcesBuildPhase section */

/* Begin PBXVariantGroup section */
		42E9C6C729B9D63900C06634 /* Main.storyboard */ = {
			isa = PBXVariantGroup;
			children = (
				42E9C6C829B9D63900C06634 /* Base */,
			);
			name = Main.storyboard;
			sourceTree = "<group>";
		};
		42E9C6CC29B9D63900C06634 /* LaunchScreen.storyboard */ = {
			isa = PBXVariantGroup;
			children = (
				42E9C6CD29B9D63900C06634 /* Base */,
			);
			name = LaunchScreen.storyboard;
			sourceTree = "<group>";
		};
/* End PBXVariantGroup section */

/* Begin XCBuildConfiguration section */
		42E9C6D029B9D63900C06634 /* Debug */ = {
			isa = XCBuildConfiguration;
			buildSettings = {
				ALWAYS_SEARCH_USER_PATHS = NO;
				CLANG_ANALYZER_NONNULL = YES;
				CLANG_ANALYZER_NUMBER_OBJECT_CONVERSION = YES_AGGRESSIVE;
				CLANG_CXX_LANGUAGE_STANDARD = "gnu++20";
				CLANG_ENABLE_MODULES = YES;
				CLANG_ENABLE_OBJC_ARC = YES;
				CLANG_ENABLE_OBJC_WEAK = YES;
				CLANG_WARN_BLOCK_CAPTURE_AUTORELEASING = YES;
				CLANG_WARN_BOOL_CONVERSION = YES;
				CLANG_WARN_COMMA = YES;
				CLANG_WARN_CONSTANT_CONVERSION = YES;
				CLANG_WARN_DEPRECATED_OBJC_IMPLEMENTATIONS = YES;
				CLANG_WARN_DIRECT_OBJC_ISA_USAGE = YES_ERROR;
				CLANG_WARN_DOCUMENTATION_COMMENTS = YES;
				CLANG_WARN_EMPTY_BODY = YES;
				CLANG_WARN_ENUM_CONVERSION = YES;
				CLANG_WARN_INFINITE_RECURSION = YES;
				CLANG_WARN_INT_CONVERSION = YES;
				CLANG_WARN_NON_LITERAL_NULL_CONVERSION = YES;
				CLANG_WARN_OBJC_IMPLICIT_RETAIN_SELF = YES;
				CLANG_WARN_OBJC_LITERAL_CONVERSION = YES;
				CLANG_WARN_OBJC_ROOT_CLASS = YES_ERROR;
				CLANG_WARN_QUOTED_INCLUDE_IN_FRAMEWORK_HEADER = YES;
				CLANG_WARN_RANGE_LOOP_ANALYSIS = YES;
				CLANG_WARN_STRICT_PROTOTYPES = YES;
				CLANG_WARN_SUSPICIOUS_MOVE = YES;
				CLANG_WARN_UNGUARDED_AVAILABILITY = YES_AGGRESSIVE;
				CLANG_WARN_UNREACHABLE_CODE = YES;
				CLANG_WARN__DUPLICATE_METHOD_MATCH = YES;
				COPY_PHASE_STRIP = NO;
				DEBUG_INFORMATION_FORMAT = dwarf;
				ENABLE_STRICT_OBJC_MSGSEND = YES;
				ENABLE_TESTABILITY = YES;
				GCC_C_LANGUAGE_STANDARD = gnu11;
				GCC_DYNAMIC_NO_PIC = NO;
				GCC_NO_COMMON_BLOCKS = YES;
				GCC_OPTIMIZATION_LEVEL = 0;
				GCC_PREPROCESSOR_DEFINITIONS = (
					"DEBUG=1",
					"$(inherited)",
				);
				GCC_WARN_64_TO_32_BIT_CONVERSION = YES;
				GCC_WARN_ABOUT_RETURN_TYPE = YES_ERROR;
				GCC_WARN_UNDECLARED_SELECTOR = YES;
				GCC_WARN_UNINITIALIZED_AUTOS = YES_AGGRESSIVE;
				GCC_WARN_UNUSED_FUNCTION = YES;
				GCC_WARN_UNUSED_VARIABLE = YES;
				IPHONEOS_DEPLOYMENT_TARGET = 16.2;
				MTL_ENABLE_DEBUG_INFO = INCLUDE_SOURCE;
				MTL_FAST_MATH = YES;
				ONLY_ACTIVE_ARCH = YES;
				SDKROOT = iphoneos;
				SWIFT_ACTIVE_COMPILATION_CONDITIONS = DEBUG;
				SWIFT_OPTIMIZATION_LEVEL = "-Onone";
			};
			name = Debug;
		};
		42E9C6D129B9D63900C06634 /* Release */ = {
			isa = XCBuildConfiguration;
			buildSettings = {
				ALWAYS_SEARCH_USER_PATHS = NO;
				CLANG_ANALYZER_NONNULL = YES;
				CLANG_ANALYZER_NUMBER_OBJECT_CONVERSION = YES_AGGRESSIVE;
				CLANG_CXX_LANGUAGE_STANDARD = "gnu++20";
				CLANG_ENABLE_MODULES = YES;
				CLANG_ENABLE_OBJC_ARC = YES;
				CLANG_ENABLE_OBJC_WEAK = YES;
				CLANG_WARN_BLOCK_CAPTURE_AUTORELEASING = YES;
				CLANG_WARN_BOOL_CONVERSION = YES;
				CLANG_WARN_COMMA = YES;
				CLANG_WARN_CONSTANT_CONVERSION = YES;
				CLANG_WARN_DEPRECATED_OBJC_IMPLEMENTATIONS = YES;
				CLANG_WARN_DIRECT_OBJC_ISA_USAGE = YES_ERROR;
				CLANG_WARN_DOCUMENTATION_COMMENTS = YES;
				CLANG_WARN_EMPTY_BODY = YES;
				CLANG_WARN_ENUM_CONVERSION = YES;
				CLANG_WARN_INFINITE_RECURSION = YES;
				CLANG_WARN_INT_CONVERSION = YES;
				CLANG_WARN_NON_LITERAL_NULL_CONVERSION = YES;
				CLANG_WARN_OBJC_IMPLICIT_RETAIN_SELF = YES;
				CLANG_WARN_OBJC_LITERAL_CONVERSION = YES;
				CLANG_WARN_OBJC_ROOT_CLASS = YES_ERROR;
				CLANG_WARN_QUOTED_INCLUDE_IN_FRAMEWORK_HEADER = YES;
				CLANG_WARN_RANGE_LOOP_ANALYSIS = YES;
				CLANG_WARN_STRICT_PROTOTYPES = YES;
				CLANG_WARN_SUSPICIOUS_MOVE = YES;
				CLANG_WARN_UNGUARDED_AVAILABILITY = YES_AGGRESSIVE;
				CLANG_WARN_UNREACHABLE_CODE = YES;
				CLANG_WARN__DUPLICATE_METHOD_MATCH = YES;
				COPY_PHASE_STRIP = NO;
				DEBUG_INFORMATION_FORMAT = "dwarf-with-dsym";
				ENABLE_NS_ASSERTIONS = NO;
				ENABLE_STRICT_OBJC_MSGSEND = YES;
				GCC_C_LANGUAGE_STANDARD = gnu11;
				GCC_NO_COMMON_BLOCKS = YES;
				GCC_WARN_64_TO_32_BIT_CONVERSION = YES;
				GCC_WARN_ABOUT_RETURN_TYPE = YES_ERROR;
				GCC_WARN_UNDECLARED_SELECTOR = YES;
				GCC_WARN_UNINITIALIZED_AUTOS = YES_AGGRESSIVE;
				GCC_WARN_UNUSED_FUNCTION = YES;
				GCC_WARN_UNUSED_VARIABLE = YES;
				IPHONEOS_DEPLOYMENT_TARGET = 16.2;
				MTL_ENABLE_DEBUG_INFO = NO;
				MTL_FAST_MATH = YES;
				SDKROOT = iphoneos;
				SWIFT_COMPILATION_MODE = wholemodule;
				SWIFT_OPTIMIZATION_LEVEL = "-O";
				VALIDATE_PRODUCT = YES;
			};
			name = Release;
		};
		42E9C6D329B9D63900C06634 /* Debug */ = {
			isa = XCBuildConfiguration;
			baseConfigurationReference = 6496BA35681A7C2CF7311090 /* Pods-NewsApp.debug.xcconfig */;
			buildSettings = {
				ASSETCATALOG_COMPILER_APPICON_NAME = AppIcon;
				ASSETCATALOG_COMPILER_GLOBAL_ACCENT_COLOR_NAME = AccentColor;
				CODE_SIGN_STYLE = Automatic;
				CURRENT_PROJECT_VERSION = 1;
				DEVELOPMENT_TEAM = S6YPUUBVTT;
				GENERATE_INFOPLIST_FILE = YES;
				INFOPLIST_FILE = NewsApp/Info.plist;
				INFOPLIST_KEY_UIApplicationSupportsIndirectInputEvents = YES;
				INFOPLIST_KEY_UILaunchStoryboardName = LaunchScreen;
				INFOPLIST_KEY_UIMainStoryboardFile = Main;
				INFOPLIST_KEY_UISupportedInterfaceOrientations_iPad = "UIInterfaceOrientationPortrait UIInterfaceOrientationPortraitUpsideDown UIInterfaceOrientationLandscapeLeft UIInterfaceOrientationLandscapeRight";
				INFOPLIST_KEY_UISupportedInterfaceOrientations_iPhone = "UIInterfaceOrientationPortrait UIInterfaceOrientationLandscapeLeft UIInterfaceOrientationLandscapeRight";
				LD_RUNPATH_SEARCH_PATHS = (
					"$(inherited)",
					"@executable_path/Frameworks",
				);
				MARKETING_VERSION = 1.0;
				PRODUCT_BUNDLE_IDENTIFIER = cicekibrahim.NewsApp;
				PRODUCT_NAME = "$(TARGET_NAME)";
				SWIFT_EMIT_LOC_STRINGS = YES;
				SWIFT_VERSION = 5.0;
				TARGETED_DEVICE_FAMILY = "1,2";
			};
			name = Debug;
		};
		42E9C6D429B9D63900C06634 /* Release */ = {
			isa = XCBuildConfiguration;
			baseConfigurationReference = CAC65026CC9E508B97C0107A /* Pods-NewsApp.release.xcconfig */;
			buildSettings = {
				ASSETCATALOG_COMPILER_APPICON_NAME = AppIcon;
				ASSETCATALOG_COMPILER_GLOBAL_ACCENT_COLOR_NAME = AccentColor;
				CODE_SIGN_STYLE = Automatic;
				CURRENT_PROJECT_VERSION = 1;
				DEVELOPMENT_TEAM = S6YPUUBVTT;
				GENERATE_INFOPLIST_FILE = YES;
				INFOPLIST_FILE = NewsApp/Info.plist;
				INFOPLIST_KEY_UIApplicationSupportsIndirectInputEvents = YES;
				INFOPLIST_KEY_UILaunchStoryboardName = LaunchScreen;
				INFOPLIST_KEY_UIMainStoryboardFile = Main;
				INFOPLIST_KEY_UISupportedInterfaceOrientations_iPad = "UIInterfaceOrientationPortrait UIInterfaceOrientationPortraitUpsideDown UIInterfaceOrientationLandscapeLeft UIInterfaceOrientationLandscapeRight";
				INFOPLIST_KEY_UISupportedInterfaceOrientations_iPhone = "UIInterfaceOrientationPortrait UIInterfaceOrientationLandscapeLeft UIInterfaceOrientationLandscapeRight";
				LD_RUNPATH_SEARCH_PATHS = (
					"$(inherited)",
					"@executable_path/Frameworks",
				);
				MARKETING_VERSION = 1.0;
				PRODUCT_BUNDLE_IDENTIFIER = cicekibrahim.NewsApp;
				PRODUCT_NAME = "$(TARGET_NAME)";
				SWIFT_EMIT_LOC_STRINGS = YES;
				SWIFT_VERSION = 5.0;
				TARGETED_DEVICE_FAMILY = "1,2";
			};
			name = Release;
		};
/* End XCBuildConfiguration section */

/* Begin XCConfigurationList section */
		42E9C6B929B9D63900C06634 /* Build configuration list for PBXProject "NewsApp" */ = {
			isa = XCConfigurationList;
			buildConfigurations = (
				42E9C6D029B9D63900C06634 /* Debug */,
				42E9C6D129B9D63900C06634 /* Release */,
			);
			defaultConfigurationIsVisible = 0;
			defaultConfigurationName = Release;
		};
		42E9C6D229B9D63900C06634 /* Build configuration list for PBXNativeTarget "NewsApp" */ = {
			isa = XCConfigurationList;
			buildConfigurations = (
				42E9C6D329B9D63900C06634 /* Debug */,
				42E9C6D429B9D63900C06634 /* Release */,
			);
			defaultConfigurationIsVisible = 0;
			defaultConfigurationName = Release;
		};
/* End XCConfigurationList section */
	};
	rootObject = 42E9C6B629B9D63900C06634 /* Project object */;
}
